// !$*UTF8*$!
{
	archiveVersion = 1;
	classes = {
	};
	objectVersion = 46;
	objects = {

/* Begin PBXBuildFile section */
		570243051DC2A2BF00117903 /* Interpreter.swift in Sources */ = {isa = PBXBuildFile; fileRef = 575C52F41DABD5990069EF9B /* Interpreter.swift */; };
		5734C7751DD2346A00CBAF40 /* HTTPServer.swift in Sources */ = {isa = PBXBuildFile; fileRef = 5734C7741DD2346A00CBAF40 /* HTTPServer.swift */; };
		576F2F851DD9279D0020F33C /* Print.swift in Sources */ = {isa = PBXBuildFile; fileRef = 576F2F841DD9279D0020F33C /* Print.swift */; };
		57703C721DC007A800FF331B /* Driver.swift in Sources */ = {isa = PBXBuildFile; fileRef = 57703C711DC007A800FF331B /* Driver.swift */; };
		57703C751DC007C000FF331B /* CodeGen.swift in Sources */ = {isa = PBXBuildFile; fileRef = 57703C731DC007C000FF331B /* CodeGen.swift */; };
		57703C761DC007C000FF331B /* JIT.swift in Sources */ = {isa = PBXBuildFile; fileRef = 57703C741DC007C000FF331B /* JIT.swift */; };
		577985FB1DBA9F970052173F /* CodeGenTest.swift in Sources */ = {isa = PBXBuildFile; fileRef = 577985FA1DBA9F970052173F /* CodeGenTest.swift */; };
		57893BFC1DBA713100F24E55 /* ASTNode.swift in Sources */ = {isa = PBXBuildFile; fileRef = 575C52FA1DABD5E10069EF9B /* ASTNode.swift */; };
		57893BFD1DBA8AFA00F24E55 /* StringExtensions.swift in Sources */ = {isa = PBXBuildFile; fileRef = 575C53011DABDFDB0069EF9B /* StringExtensions.swift */; };
		57893BFE1DBA8AFB00F24E55 /* StringExtensions.swift in Sources */ = {isa = PBXBuildFile; fileRef = 575C53011DABDFDB0069EF9B /* StringExtensions.swift */; };
		57893BFF1DBA8AFD00F24E55 /* Lexer.swift in Sources */ = {isa = PBXBuildFile; fileRef = 575C52FF1DABDFD00069EF9B /* Lexer.swift */; };
		57893C001DBA8AFE00F24E55 /* Lexer.swift in Sources */ = {isa = PBXBuildFile; fileRef = 575C52FF1DABDFD00069EF9B /* Lexer.swift */; };
		57893C021DBA8B0200F24E55 /* Interpreter.swift in Sources */ = {isa = PBXBuildFile; fileRef = 575C52F41DABD5990069EF9B /* Interpreter.swift */; };
		57893C031DBA8B0400F24E55 /* ASTNode.swift in Sources */ = {isa = PBXBuildFile; fileRef = 575C52FA1DABD5E10069EF9B /* ASTNode.swift */; };
		57893C041DBA8B0800F24E55 /* Parser.swift in Sources */ = {isa = PBXBuildFile; fileRef = 575C52F71DABD5A80069EF9B /* Parser.swift */; };
		57893C051DBA8B0900F24E55 /* Parser.swift in Sources */ = {isa = PBXBuildFile; fileRef = 575C52F71DABD5A80069EF9B /* Parser.swift */; };
		57893C061DBA8B0B00F24E55 /* ParserTests.swift in Sources */ = {isa = PBXBuildFile; fileRef = 576B777D1D9D997400AFC611 /* ParserTests.swift */; };
		57893C071DBA8B0D00F24E55 /* InterpreterTests.swift in Sources */ = {isa = PBXBuildFile; fileRef = 576A5A261DA6CE7700F56D91 /* InterpreterTests.swift */; };
		57893C081DBA8B1000F24E55 /* LexerTests.swift in Sources */ = {isa = PBXBuildFile; fileRef = 576F572F1DA7DEA900421112 /* LexerTests.swift */; };
		57893C091DBA8B1E00F24E55 /* main.swift in Sources */ = {isa = PBXBuildFile; fileRef = 575C52F61DABD5A80069EF9B /* main.swift */; };
		57DA6FF01DC0FB95002D39C5 /* CodeGen.swift in Sources */ = {isa = PBXBuildFile; fileRef = 57703C731DC007C000FF331B /* CodeGen.swift */; };
		57FCACF11DD3CBF9007AA8FE /* HTTPServer.swift in Sources */ = {isa = PBXBuildFile; fileRef = 5734C7741DD2346A00CBAF40 /* HTTPServer.swift */; };
/* End PBXBuildFile section */

/* Begin PBXCopyFilesBuildPhase section */
		577C0FDE1D9C59CD005B7B06 /* CopyFiles */ = {
			isa = PBXCopyFilesBuildPhase;
			buildActionMask = 2147483647;
			dstPath = /usr/share/man/man1/;
			dstSubfolderSpec = 0;
			files = (
			);
			runOnlyForDeploymentPostprocessing = 1;
		};
/* End PBXCopyFilesBuildPhase section */

/* Begin PBXFileReference section */
		5734C7741DD2346A00CBAF40 /* HTTPServer.swift */ = {isa = PBXFileReference; fileEncoding = 4; lastKnownFileType = sourcecode.swift; path = HTTPServer.swift; sourceTree = "<group>"; };
		575C52F41DABD5990069EF9B /* Interpreter.swift */ = {isa = PBXFileReference; fileEncoding = 4; lastKnownFileType = sourcecode.swift; name = Interpreter.swift; path = Fabienne/Interpreter.swift; sourceTree = "<group>"; };
		575C52F61DABD5A80069EF9B /* main.swift */ = {isa = PBXFileReference; fileEncoding = 4; lastKnownFileType = sourcecode.swift; name = main.swift; path = Fabienne/main.swift; sourceTree = SOURCE_ROOT; };
		575C52F71DABD5A80069EF9B /* Parser.swift */ = {isa = PBXFileReference; fileEncoding = 4; lastKnownFileType = sourcecode.swift; name = Parser.swift; path = Fabienne/Parser.swift; sourceTree = SOURCE_ROOT; };
		575C52FA1DABD5E10069EF9B /* ASTNode.swift */ = {isa = PBXFileReference; fileEncoding = 4; lastKnownFileType = sourcecode.swift; name = ASTNode.swift; path = Fabienne/ASTNode.swift; sourceTree = SOURCE_ROOT; };
		575C52FF1DABDFD00069EF9B /* Lexer.swift */ = {isa = PBXFileReference; fileEncoding = 4; lastKnownFileType = sourcecode.swift; name = Lexer.swift; path = Fabienne/Lexer.swift; sourceTree = "<group>"; };
		575C53011DABDFDB0069EF9B /* StringExtensions.swift */ = {isa = PBXFileReference; fileEncoding = 4; lastKnownFileType = sourcecode.swift; name = StringExtensions.swift; path = Fabienne/StringExtensions.swift; sourceTree = "<group>"; };
		576A5A261DA6CE7700F56D91 /* InterpreterTests.swift */ = {isa = PBXFileReference; fileEncoding = 4; lastKnownFileType = sourcecode.swift; path = InterpreterTests.swift; sourceTree = "<group>"; };
		576B777B1D9D997400AFC611 /* Tests.xctest */ = {isa = PBXFileReference; explicitFileType = wrapper.cfbundle; includeInIndex = 0; path = Tests.xctest; sourceTree = BUILT_PRODUCTS_DIR; };
		576B777D1D9D997400AFC611 /* ParserTests.swift */ = {isa = PBXFileReference; lastKnownFileType = sourcecode.swift; path = ParserTests.swift; sourceTree = "<group>"; };
		576B777F1D9D997400AFC611 /* Info.plist */ = {isa = PBXFileReference; lastKnownFileType = text.plist.xml; path = Info.plist; sourceTree = "<group>"; };
		576F2F841DD9279D0020F33C /* Print.swift */ = {isa = PBXFileReference; fileEncoding = 4; lastKnownFileType = sourcecode.swift; path = Print.swift; sourceTree = "<group>"; };
		576F572F1DA7DEA900421112 /* LexerTests.swift */ = {isa = PBXFileReference; fileEncoding = 4; lastKnownFileType = sourcecode.swift; path = LexerTests.swift; sourceTree = "<group>"; };
		57703C711DC007A800FF331B /* Driver.swift */ = {isa = PBXFileReference; fileEncoding = 4; lastKnownFileType = sourcecode.swift; name = Driver.swift; path = Fabienne/Driver.swift; sourceTree = "<group>"; };
		57703C731DC007C000FF331B /* CodeGen.swift */ = {isa = PBXFileReference; fileEncoding = 4; lastKnownFileType = sourcecode.swift; name = CodeGen.swift; path = Fabienne/CodeGen.swift; sourceTree = "<group>"; };
		57703C741DC007C000FF331B /* JIT.swift */ = {isa = PBXFileReference; fileEncoding = 4; lastKnownFileType = sourcecode.swift; name = JIT.swift; path = Fabienne/JIT.swift; sourceTree = "<group>"; };
		577985FA1DBA9F970052173F /* CodeGenTest.swift */ = {isa = PBXFileReference; fileEncoding = 4; lastKnownFileType = sourcecode.swift; path = CodeGenTest.swift; sourceTree = "<group>"; };
		577C0FE01D9C59CE005B7B06 /* Fabienne */ = {isa = PBXFileReference; explicitFileType = "compiled.mach-o.executable"; includeInIndex = 0; path = Fabienne; sourceTree = BUILT_PRODUCTS_DIR; };
/* End PBXFileReference section */

/* Begin PBXFrameworksBuildPhase section */
		576B77781D9D997400AFC611 /* Frameworks */ = {
			isa = PBXFrameworksBuildPhase;
			buildActionMask = 2147483647;
			files = (
			);
			runOnlyForDeploymentPostprocessing = 0;
		};
		577C0FDD1D9C59CD005B7B06 /* Frameworks */ = {
			isa = PBXFrameworksBuildPhase;
			buildActionMask = 2147483647;
			files = (
			);
			runOnlyForDeploymentPostprocessing = 0;
		};
/* End PBXFrameworksBuildPhase section */

/* Begin PBXGroup section */
		576A5A221DA6CCCF00F56D91 /* Interpreter */ = {
			isa = PBXGroup;
			children = (
				575C52F41DABD5990069EF9B /* Interpreter.swift */,
			);
			name = Interpreter;
			sourceTree = "<group>";
		};
		576B777C1D9D997400AFC611 /* Tests */ = {
			isa = PBXGroup;
			children = (
				577985FA1DBA9F970052173F /* CodeGenTest.swift */,
				576B777D1D9D997400AFC611 /* ParserTests.swift */,
				576B777F1D9D997400AFC611 /* Info.plist */,
				576A5A261DA6CE7700F56D91 /* InterpreterTests.swift */,
				576F572F1DA7DEA900421112 /* LexerTests.swift */,
			);
			path = Tests;
			sourceTree = "<group>";
		};
		576F57311DA7E10D00421112 /* Lexer */ = {
			isa = PBXGroup;
			children = (
				575C52FF1DABDFD00069EF9B /* Lexer.swift */,
			);
			name = Lexer;
			sourceTree = "<group>";
		};
		576F57351DA81EC300421112 /* Utils */ = {
			isa = PBXGroup;
			children = (
				575C53011DABDFDB0069EF9B /* StringExtensions.swift */,
			);
			name = Utils;
			sourceTree = "<group>";
		};
		577C0FD71D9C59CD005B7B06 = {
			isa = PBXGroup;
			children = (
				57FCACF01DD3B1AE007AA8FE /* stdlib */,
				57965A311DBFDBCD00D6A7E6 /* Driver */,
				57893C0A1DBA91A000F24E55 /* LLVM */,
				576F57351DA81EC300421112 /* Utils */,
				576F57311DA7E10D00421112 /* Lexer */,
				576A5A221DA6CCCF00F56D91 /* Interpreter */,
				577C0FE21D9C59CE005B7B06 /* Parser */,
				576B777C1D9D997400AFC611 /* Tests */,
				577C0FE11D9C59CE005B7B06 /* Products */,
				575C52F61DABD5A80069EF9B /* main.swift */,
			);
			sourceTree = "<group>";
		};
		577C0FE11D9C59CE005B7B06 /* Products */ = {
			isa = PBXGroup;
			children = (
				577C0FE01D9C59CE005B7B06 /* Fabienne */,
				576B777B1D9D997400AFC611 /* Tests.xctest */,
			);
			name = Products;
			sourceTree = "<group>";
		};
		577C0FE21D9C59CE005B7B06 /* Parser */ = {
			isa = PBXGroup;
			children = (
				575C52FA1DABD5E10069EF9B /* ASTNode.swift */,
				575C52F71DABD5A80069EF9B /* Parser.swift */,
			);
			name = Parser;
			path = RecursiveDescentParser;
			sourceTree = "<group>";
		};
		57893C0A1DBA91A000F24E55 /* LLVM */ = {
			isa = PBXGroup;
			children = (
				57703C731DC007C000FF331B /* CodeGen.swift */,
				57703C741DC007C000FF331B /* JIT.swift */,
			);
			name = LLVM;
			sourceTree = "<group>";
		};
		57965A311DBFDBCD00D6A7E6 /* Driver */ = {
			isa = PBXGroup;
			children = (
				57703C711DC007A800FF331B /* Driver.swift */,
			);
			name = Driver;
			sourceTree = "<group>";
		};
		57FCACF01DD3B1AE007AA8FE /* stdlib */ = {
			isa = PBXGroup;
			children = (
				5734C7741DD2346A00CBAF40 /* HTTPServer.swift */,
				576F2F841DD9279D0020F33C /* Print.swift */,
			);
			name = stdlib;
			sourceTree = "<group>";
		};
/* End PBXGroup section */

/* Begin PBXNativeTarget section */
		576B777A1D9D997400AFC611 /* Tests */ = {
			isa = PBXNativeTarget;
			buildConfigurationList = 576B77801D9D997400AFC611 /* Build configuration list for PBXNativeTarget "Tests" */;
			buildPhases = (
				576B77771D9D997400AFC611 /* Sources */,
				576B77781D9D997400AFC611 /* Frameworks */,
				576B77791D9D997400AFC611 /* Resources */,
			);
			buildRules = (
			);
			dependencies = (
			);
			name = Tests;
			productName = Tests;
			productReference = 576B777B1D9D997400AFC611 /* Tests.xctest */;
			productType = "com.apple.product-type.bundle.unit-test";
		};
		577C0FDF1D9C59CD005B7B06 /* Fabienne */ = {
			isa = PBXNativeTarget;
			buildConfigurationList = 577C0FE71D9C59CE005B7B06 /* Build configuration list for PBXNativeTarget "Fabienne" */;
			buildPhases = (
				577C0FDC1D9C59CD005B7B06 /* Sources */,
				577C0FDD1D9C59CD005B7B06 /* Frameworks */,
				577C0FDE1D9C59CD005B7B06 /* CopyFiles */,
			);
			buildRules = (
			);
			dependencies = (
			);
			name = Fabienne;
			productName = RecursiveDescentParser;
			productReference = 577C0FE01D9C59CE005B7B06 /* Fabienne */;
			productType = "com.apple.product-type.tool";
		};
/* End PBXNativeTarget section */

/* Begin PBXProject section */
		577C0FD81D9C59CD005B7B06 /* Project object */ = {
			isa = PBXProject;
			attributes = {
				LastSwiftUpdateCheck = 0800;
				LastUpgradeCheck = 0810;
				ORGANIZATIONNAME = "Marcio Klepacz";
				TargetAttributes = {
					576B777A1D9D997400AFC611 = {
						CreatedOnToolsVersion = 8.0;
						ProvisioningStyle = Automatic;
					};
					577C0FDF1D9C59CD005B7B06 = {
						CreatedOnToolsVersion = 8.0;
						LastSwiftMigration = 0810;
						ProvisioningStyle = Automatic;
					};
				};
			};
			buildConfigurationList = 577C0FDB1D9C59CD005B7B06 /* Build configuration list for PBXProject "Fabienne" */;
			compatibilityVersion = "Xcode 3.2";
			developmentRegion = English;
			hasScannedForEncodings = 0;
			knownRegions = (
				en,
			);
			mainGroup = 577C0FD71D9C59CD005B7B06;
			productRefGroup = 577C0FE11D9C59CE005B7B06 /* Products */;
			projectDirPath = "";
			projectRoot = "";
			targets = (
				577C0FDF1D9C59CD005B7B06 /* Fabienne */,
				576B777A1D9D997400AFC611 /* Tests */,
			);
		};
/* End PBXProject section */

/* Begin PBXResourcesBuildPhase section */
		576B77791D9D997400AFC611 /* Resources */ = {
			isa = PBXResourcesBuildPhase;
			buildActionMask = 2147483647;
			files = (
			);
			runOnlyForDeploymentPostprocessing = 0;
		};
/* End PBXResourcesBuildPhase section */

/* Begin PBXSourcesBuildPhase section */
		576B77771D9D997400AFC611 /* Sources */ = {
			isa = PBXSourcesBuildPhase;
			buildActionMask = 2147483647;
			files = (
				57FCACF11DD3CBF9007AA8FE /* HTTPServer.swift in Sources */,
				57893C021DBA8B0200F24E55 /* Interpreter.swift in Sources */,
				57893C071DBA8B0D00F24E55 /* InterpreterTests.swift in Sources */,
				57893BFE1DBA8AFB00F24E55 /* StringExtensions.swift in Sources */,
				57893C061DBA8B0B00F24E55 /* ParserTests.swift in Sources */,
				57893C051DBA8B0900F24E55 /* Parser.swift in Sources */,
				57893C001DBA8AFE00F24E55 /* Lexer.swift in Sources */,
				577985FB1DBA9F970052173F /* CodeGenTest.swift in Sources */,
				57DA6FF01DC0FB95002D39C5 /* CodeGen.swift in Sources */,
				57893C081DBA8B1000F24E55 /* LexerTests.swift in Sources */,
				57893BFC1DBA713100F24E55 /* ASTNode.swift in Sources */,
			);
			runOnlyForDeploymentPostprocessing = 0;
		};
		577C0FDC1D9C59CD005B7B06 /* Sources */ = {
			isa = PBXSourcesBuildPhase;
			buildActionMask = 2147483647;
			files = (
				570243051DC2A2BF00117903 /* Interpreter.swift in Sources */,
				57893BFF1DBA8AFD00F24E55 /* Lexer.swift in Sources */,
				57703C761DC007C000FF331B /* JIT.swift in Sources */,
				5734C7751DD2346A00CBAF40 /* HTTPServer.swift in Sources */,
				57893C091DBA8B1E00F24E55 /* main.swift in Sources */,
				57893C041DBA8B0800F24E55 /* Parser.swift in Sources */,
				57703C721DC007A800FF331B /* Driver.swift in Sources */,
				576F2F851DD9279D0020F33C /* Print.swift in Sources */,
				57703C751DC007C000FF331B /* CodeGen.swift in Sources */,
				57893C031DBA8B0400F24E55 /* ASTNode.swift in Sources */,
				57893BFD1DBA8AFA00F24E55 /* StringExtensions.swift in Sources */,
			);
			runOnlyForDeploymentPostprocessing = 0;
		};
/* End PBXSourcesBuildPhase section */

/* Begin XCBuildConfiguration section */
		576B77811D9D997400AFC611 /* Debug */ = {
			isa = XCBuildConfiguration;
			buildSettings = {
				COMBINE_HIDPI_IMAGES = YES;
				GCC_PREPROCESSOR_DEFINITIONS = (
					"DEBUG=1",
					"$(inherited)",
					__STDC_LIMIT_MACROS,
					__STDC_CONSTANT_MACROS,
				);
				INFOPLIST_FILE = Tests/Info.plist;
				LD_RUNPATH_SEARCH_PATHS = "$(inherited) @executable_path/../Frameworks @loader_path/../Frameworks";
				LIBRARY_SEARCH_PATHS = "$(LLVM_BUILD_DIR)/lib";
				OTHER_LDFLAGS = (
					"$(LLVM_LIBS)",
					"-ltermcap",
					"-lz",
					"-lc++",
				);
				PRODUCT_BUNDLE_IDENTIFIER = Marciok.Tests;
				PRODUCT_NAME = "$(TARGET_NAME)";
				SWIFT_ACTIVE_COMPILATION_CONDITIONS = DEBUG;
				SWIFT_VERSION = 3.0;
				USER_HEADER_SEARCH_PATHS = "$(LLVM_BUILD_DIR)/include $(LLVM_SOURCE_DIR)/include";
			};
			name = Debug;
		};
		576B77821D9D997400AFC611 /* Release */ = {
			isa = XCBuildConfiguration;
			buildSettings = {
				COMBINE_HIDPI_IMAGES = YES;
				INFOPLIST_FILE = Tests/Info.plist;
				LD_RUNPATH_SEARCH_PATHS = "$(inherited) @executable_path/../Frameworks @loader_path/../Frameworks";
				LIBRARY_SEARCH_PATHS = "$(LLVM_BUILD_DIR)/lib";
				OTHER_LDFLAGS = (
					"$(LLVM_LIBS)",
					"-ltermcap",
					"-lz",
					"-lc++",
				);
				PRODUCT_BUNDLE_IDENTIFIER = Marciok.Tests;
				PRODUCT_NAME = "$(TARGET_NAME)";
				SWIFT_OPTIMIZATION_LEVEL = "-Owholemodule";
				SWIFT_VERSION = 3.0;
				USER_HEADER_SEARCH_PATHS = "$(LLVM_BUILD_DIR)/include $(LLVM_SOURCE_DIR)/include";
			};
			name = Release;
		};
		577C0FE51D9C59CE005B7B06 /* Debug */ = {
			isa = XCBuildConfiguration;
			buildSettings = {
				ALWAYS_SEARCH_USER_PATHS = NO;
				CLANG_ANALYZER_NONNULL = YES;
				CLANG_CXX_LANGUAGE_STANDARD = "gnu++0x";
				CLANG_CXX_LIBRARY = "libc++";
				CLANG_ENABLE_MODULES = YES;
				CLANG_ENABLE_OBJC_ARC = YES;
				CLANG_WARN_BOOL_CONVERSION = YES;
				CLANG_WARN_CONSTANT_CONVERSION = YES;
				CLANG_WARN_DIRECT_OBJC_ISA_USAGE = YES_ERROR;
				CLANG_WARN_DOCUMENTATION_COMMENTS = YES;
				CLANG_WARN_EMPTY_BODY = YES;
				CLANG_WARN_ENUM_CONVERSION = YES;
				CLANG_WARN_INFINITE_RECURSION = YES;
				CLANG_WARN_INT_CONVERSION = YES;
				CLANG_WARN_OBJC_ROOT_CLASS = YES_ERROR;
				CLANG_WARN_SUSPICIOUS_MOVE = YES;
				CLANG_WARN_SUSPICIOUS_MOVES = YES;
				CLANG_WARN_UNREACHABLE_CODE = YES;
				CLANG_WARN__DUPLICATE_METHOD_MATCH = YES;
				CODE_SIGN_IDENTITY = "-";
				COPY_PHASE_STRIP = NO;
				DEBUG_INFORMATION_FORMAT = dwarf;
				DEFINES_MODULE = YES;
				ENABLE_STRICT_OBJC_MSGSEND = YES;
				ENABLE_TESTABILITY = YES;
				GCC_C_LANGUAGE_STANDARD = gnu99;
				GCC_DYNAMIC_NO_PIC = NO;
				GCC_NO_COMMON_BLOCKS = YES;
				GCC_OPTIMIZATION_LEVEL = 0;
				GCC_PREPROCESSOR_DEFINITIONS = (
					"DEBUG=1",
					"$(inherited)",
				);
				GCC_WARN_64_TO_32_BIT_CONVERSION = YES;
				GCC_WARN_ABOUT_RETURN_TYPE = YES_ERROR;
				GCC_WARN_UNDECLARED_SELECTOR = YES;
				GCC_WARN_UNINITIALIZED_AUTOS = YES_AGGRESSIVE;
				GCC_WARN_UNUSED_FUNCTION = YES;
				GCC_WARN_UNUSED_VARIABLE = YES;
				LLVM_BUILD_DIR = "$HOME/Projects/llvm-experiments/my-llvm-build";
				LLVM_LIBS = "-lLLVMLTO -lLLVMPasses -lLLVMObjCARCOpts -lLLVMSymbolize -lLLVMDebugInfoPDB -lLLVMDebugInfoDWARF -lLLVMMIRParser -lLLVMCoverage -lLLVMTableGen -lLLVMOrcJIT -lLLVMXCoreDisassembler -lLLVMXCoreCodeGen -lLLVMXCoreDesc -lLLVMXCoreInfo -lLLVMXCoreAsmPrinter -lLLVMSystemZDisassembler -lLLVMSystemZCodeGen -lLLVMSystemZAsmParser -lLLVMSystemZDesc -lLLVMSystemZInfo -lLLVMSystemZAsmPrinter -lLLVMSparcDisassembler -lLLVMSparcCodeGen -lLLVMSparcAsmParser -lLLVMSparcDesc -lLLVMSparcInfo -lLLVMSparcAsmPrinter -lLLVMPowerPCDisassembler -lLLVMPowerPCCodeGen -lLLVMPowerPCAsmParser -lLLVMPowerPCDesc -lLLVMPowerPCInfo -lLLVMPowerPCAsmPrinter -lLLVMNVPTXCodeGen -lLLVMNVPTXDesc -lLLVMNVPTXInfo -lLLVMNVPTXAsmPrinter -lLLVMMSP430CodeGen -lLLVMMSP430Desc -lLLVMMSP430Info -lLLVMMSP430AsmPrinter -lLLVMMipsDisassembler -lLLVMMipsCodeGen -lLLVMMipsAsmParser -lLLVMMipsDesc -lLLVMMipsInfo -lLLVMMipsAsmPrinter -lLLVMLanaiDisassembler -lLLVMLanaiCodeGen -lLLVMLanaiAsmParser -lLLVMLanaiDesc -lLLVMLanaiInstPrinter -lLLVMLanaiInfo -lLLVMHexagonDisassembler -lLLVMHexagonCodeGen -lLLVMHexagonAsmParser -lLLVMHexagonDesc -lLLVMHexagonInfo -lLLVMBPFCodeGen -lLLVMBPFDesc -lLLVMBPFInfo -lLLVMBPFAsmPrinter -lLLVMARMDisassembler -lLLVMARMCodeGen -lLLVMARMAsmParser -lLLVMARMDesc -lLLVMARMInfo -lLLVMARMAsmPrinter -lLLVMAMDGPUDisassembler -lLLVMAMDGPUCodeGen -lLLVMAMDGPUAsmParser -lLLVMAMDGPUDesc -lLLVMAMDGPUInfo -lLLVMAMDGPUAsmPrinter -lLLVMAMDGPUUtils -lLLVMAArch64Disassembler -lLLVMAArch64CodeGen -lLLVMGlobalISel -lLLVMAArch64AsmParser -lLLVMAArch64Desc -lLLVMAArch64Info -lLLVMAArch64AsmPrinter -lLLVMAArch64Utils -lLLVMObjectYAML -lLLVMLibDriver -lLLVMOption -lgtest_main -lgtest -lLLVMX86Disassembler -lLLVMX86AsmParser -lLLVMX86CodeGen -lLLVMSelectionDAG -lLLVMAsmPrinter -lLLVMDebugInfoCodeView -lLLVMDebugInfoMSF -lLLVMX86Desc -lLLVMMCDisassembler -lLLVMX86Info -lLLVMX86AsmPrinter -lLLVMX86Utils -lLLVMMCJIT -lLLVMLineEditor -lLLVMInterpreter -lLLVMExecutionEngine -lLLVMRuntimeDyld -lLLVMCodeGen -lLLVMTarget -lLLVMBitWriter -lLLVMCoroutines -lLLVMipo -lLLVMInstrumentation -lLLVMVectorize -lLLVMScalarOpts -lLLVMObject -lLLVMMCParser -lLLVMMC -lLLVMLinker -lLLVMIRReader -lLLVMBitReader -lLLVMAsmParser -lLLVMInstCombine -lLLVMTransformUtils -lLLVMAnalysis -lLLVMProfileData -lLLVMCore -lLLVMSupport -lLLVMDemangle";
				LLVM_SOURCE_DIR = "$HOME/Projects/llvm-experiments/llvm";
				MACOSX_DEPLOYMENT_TARGET = 10.12;
				MTL_ENABLE_DEBUG_INFO = YES;
				ONLY_ACTIVE_ARCH = YES;
				OTHER_LDFLAGS = (
					"$(LLVM_LIBS)",
					"-ltermcap",
					"-lz",
				);
				SDKROOT = macosx;
				SWIFT_OPTIMIZATION_LEVEL = "-Onone";
				USER_HEADER_SEARCH_PATHS = "$(LLVM_BUILD_DIR)/include $(LLVM_SOURCE_DIR)/include";
			};
			name = Debug;
		};
		577C0FE61D9C59CE005B7B06 /* Release */ = {
			isa = XCBuildConfiguration;
			buildSettings = {
				ALWAYS_SEARCH_USER_PATHS = NO;
				CLANG_ANALYZER_NONNULL = YES;
				CLANG_CXX_LANGUAGE_STANDARD = "gnu++0x";
				CLANG_CXX_LIBRARY = "libc++";
				CLANG_ENABLE_MODULES = YES;
				CLANG_ENABLE_OBJC_ARC = YES;
				CLANG_WARN_BOOL_CONVERSION = YES;
				CLANG_WARN_CONSTANT_CONVERSION = YES;
				CLANG_WARN_DIRECT_OBJC_ISA_USAGE = YES_ERROR;
				CLANG_WARN_DOCUMENTATION_COMMENTS = YES;
				CLANG_WARN_EMPTY_BODY = YES;
				CLANG_WARN_ENUM_CONVERSION = YES;
				CLANG_WARN_INFINITE_RECURSION = YES;
				CLANG_WARN_INT_CONVERSION = YES;
				CLANG_WARN_OBJC_ROOT_CLASS = YES_ERROR;
				CLANG_WARN_SUSPICIOUS_MOVE = YES;
				CLANG_WARN_SUSPICIOUS_MOVES = YES;
				CLANG_WARN_UNREACHABLE_CODE = YES;
				CLANG_WARN__DUPLICATE_METHOD_MATCH = YES;
				CODE_SIGN_IDENTITY = "-";
				COPY_PHASE_STRIP = NO;
				DEBUG_INFORMATION_FORMAT = "dwarf-with-dsym";
				DEFINES_MODULE = YES;
				ENABLE_NS_ASSERTIONS = NO;
				ENABLE_STRICT_OBJC_MSGSEND = YES;
				GCC_C_LANGUAGE_STANDARD = gnu99;
				GCC_NO_COMMON_BLOCKS = YES;
				GCC_WARN_64_TO_32_BIT_CONVERSION = YES;
				GCC_WARN_ABOUT_RETURN_TYPE = YES_ERROR;
				GCC_WARN_UNDECLARED_SELECTOR = YES;
				GCC_WARN_UNINITIALIZED_AUTOS = YES_AGGRESSIVE;
				GCC_WARN_UNUSED_FUNCTION = YES;
				GCC_WARN_UNUSED_VARIABLE = YES;
				LLVM_BUILD_DIR = "$HOME/Projects/llvm-experiments/my-llvm-build";
				LLVM_LIBS = "-lLLVMLTO -lLLVMPasses -lLLVMObjCARCOpts -lLLVMSymbolize -lLLVMDebugInfoPDB -lLLVMDebugInfoDWARF -lLLVMMIRParser -lLLVMCoverage -lLLVMTableGen -lLLVMOrcJIT -lLLVMXCoreDisassembler -lLLVMXCoreCodeGen -lLLVMXCoreDesc -lLLVMXCoreInfo -lLLVMXCoreAsmPrinter -lLLVMSystemZDisassembler -lLLVMSystemZCodeGen -lLLVMSystemZAsmParser -lLLVMSystemZDesc -lLLVMSystemZInfo -lLLVMSystemZAsmPrinter -lLLVMSparcDisassembler -lLLVMSparcCodeGen -lLLVMSparcAsmParser -lLLVMSparcDesc -lLLVMSparcInfo -lLLVMSparcAsmPrinter -lLLVMPowerPCDisassembler -lLLVMPowerPCCodeGen -lLLVMPowerPCAsmParser -lLLVMPowerPCDesc -lLLVMPowerPCInfo -lLLVMPowerPCAsmPrinter -lLLVMNVPTXCodeGen -lLLVMNVPTXDesc -lLLVMNVPTXInfo -lLLVMNVPTXAsmPrinter -lLLVMMSP430CodeGen -lLLVMMSP430Desc -lLLVMMSP430Info -lLLVMMSP430AsmPrinter -lLLVMMipsDisassembler -lLLVMMipsCodeGen -lLLVMMipsAsmParser -lLLVMMipsDesc -lLLVMMipsInfo -lLLVMMipsAsmPrinter -lLLVMLanaiDisassembler -lLLVMLanaiCodeGen -lLLVMLanaiAsmParser -lLLVMLanaiDesc -lLLVMLanaiInstPrinter -lLLVMLanaiInfo -lLLVMHexagonDisassembler -lLLVMHexagonCodeGen -lLLVMHexagonAsmParser -lLLVMHexagonDesc -lLLVMHexagonInfo -lLLVMBPFCodeGen -lLLVMBPFDesc -lLLVMBPFInfo -lLLVMBPFAsmPrinter -lLLVMARMDisassembler -lLLVMARMCodeGen -lLLVMARMAsmParser -lLLVMARMDesc -lLLVMARMInfo -lLLVMARMAsmPrinter -lLLVMAMDGPUDisassembler -lLLVMAMDGPUCodeGen -lLLVMAMDGPUAsmParser -lLLVMAMDGPUDesc -lLLVMAMDGPUInfo -lLLVMAMDGPUAsmPrinter -lLLVMAMDGPUUtils -lLLVMAArch64Disassembler -lLLVMAArch64CodeGen -lLLVMGlobalISel -lLLVMAArch64AsmParser -lLLVMAArch64Desc -lLLVMAArch64Info -lLLVMAArch64AsmPrinter -lLLVMAArch64Utils -lLLVMObjectYAML -lLLVMLibDriver -lLLVMOption -lgtest_main -lgtest -lLLVMX86Disassembler -lLLVMX86AsmParser -lLLVMX86CodeGen -lLLVMSelectionDAG -lLLVMAsmPrinter -lLLVMDebugInfoCodeView -lLLVMDebugInfoMSF -lLLVMX86Desc -lLLVMMCDisassembler -lLLVMX86Info -lLLVMX86AsmPrinter -lLLVMX86Utils -lLLVMMCJIT -lLLVMLineEditor -lLLVMInterpreter -lLLVMExecutionEngine -lLLVMRuntimeDyld -lLLVMCodeGen -lLLVMTarget -lLLVMBitWriter -lLLVMCoroutines -lLLVMipo -lLLVMInstrumentation -lLLVMVectorize -lLLVMScalarOpts -lLLVMObject -lLLVMMCParser -lLLVMMC -lLLVMLinker -lLLVMIRReader -lLLVMBitReader -lLLVMAsmParser -lLLVMInstCombine -lLLVMTransformUtils -lLLVMAnalysis -lLLVMProfileData -lLLVMCore -lLLVMSupport -lLLVMDemangle";
				LLVM_SOURCE_DIR = "$HOME/Projects/llvm-experiments/llvm";
				MACOSX_DEPLOYMENT_TARGET = 10.12;
				MTL_ENABLE_DEBUG_INFO = NO;
				OTHER_LDFLAGS = (
					"$(LLVM_LIBS)",
					"-ltermcap",
					"-lz",
				);
				SDKROOT = macosx;
				SWIFT_OPTIMIZATION_LEVEL = "-Owholemodule";
				USER_HEADER_SEARCH_PATHS = "$(LLVM_BUILD_DIR)/include $(LLVM_SOURCE_DIR)/include";
			};
			name = Release;
		};
		577C0FE81D9C59CE005B7B06 /* Debug */ = {
			isa = XCBuildConfiguration;
			buildSettings = {
				CLANG_ENABLE_MODULES = YES;
				DEFINES_MODULE = YES;
				GCC_PREPROCESSOR_DEFINITIONS = (
					"DEBUG=1",
					"$(inherited)",
					__STDC_LIMIT_MACROS,
					__STDC_CONSTANT_MACROS,
				);
				INFOPLIST_FILE = "$(SRCROOT)/Info.plist";
				LD_RUNPATH_SEARCH_PATHS = "$(inherited) @executable_path/../Frameworks @loader_path/../Frameworks";
				LIBRARY_SEARCH_PATHS = "$(LLVM_BUILD_DIR)/lib";
				LLVM_BUILD_DIR = "$HOME/Projects/llvm-experiments/my-llvm-build";
				LLVM_SOURCE_DIR = "$HOME/Projects/llvm-experiments/llvm";
				OTHER_LDFLAGS = (
					"$(LLVM_LIBS)",
					"-ltermcap",
					"-lz",
				);
				PRODUCT_BUNDLE_IDENTIFIER = Fabienne;
				PRODUCT_NAME = "$(TARGET_NAME)";
				SWIFT_OPTIMIZATION_LEVEL = "-Onone";
				SWIFT_VERSION = 3.0;
				USER_HEADER_SEARCH_PATHS = "$(LLVM_BUILD_DIR)/include $(LLVM_SOURCE_DIR)/include";
			};
			name = Debug;
		};
		577C0FE91D9C59CE005B7B06 /* Release */ = {
			isa = XCBuildConfiguration;
			buildSettings = {
				CLANG_ENABLE_MODULES = YES;
				DEFINES_MODULE = YES;
				INFOPLIST_FILE = "$(SRCROOT)/Info.plist";
				LD_RUNPATH_SEARCH_PATHS = "$(inherited) @executable_path/../Frameworks @loader_path/../Frameworks";
				LIBRARY_SEARCH_PATHS = "$(LLVM_BUILD_DIR)/lib";
				LLVM_BUILD_DIR = "$HOME/Projects/llvm-experiments/my-llvm-build";
				LLVM_SOURCE_DIR = "$HOME/Projects/llvm-experiments/llvm";
				OTHER_LDFLAGS = (
					"$(LLVM_LIBS)",
					"-ltermcap",
					"-lz",
				);
				PRODUCT_BUNDLE_IDENTIFIER = Fabienne;
				PRODUCT_NAME = "$(TARGET_NAME)";
				SWIFT_VERSION = 3.0;
				USER_HEADER_SEARCH_PATHS = "$(LLVM_BUILD_DIR)/include $(LLVM_SOURCE_DIR)/include";
			};
			name = Release;
		};
/* End XCBuildConfiguration section */

/* Begin XCConfigurationList section */
		576B77801D9D997400AFC611 /* Build configuration list for PBXNativeTarget "Tests" */ = {
			isa = XCConfigurationList;
			buildConfigurations = (
				576B77811D9D997400AFC611 /* Debug */,
				576B77821D9D997400AFC611 /* Release */,
			);
			defaultConfigurationIsVisible = 0;
			defaultConfigurationName = Release;
		};
		577C0FDB1D9C59CD005B7B06 /* Build configuration list for PBXProject "Fabienne" */ = {
			isa = XCConfigurationList;
			buildConfigurations = (
				577C0FE51D9C59CE005B7B06 /* Debug */,
				577C0FE61D9C59CE005B7B06 /* Release */,
			);
			defaultConfigurationIsVisible = 0;
			defaultConfigurationName = Release;
		};
		577C0FE71D9C59CE005B7B06 /* Build configuration list for PBXNativeTarget "Fabienne" */ = {
			isa = XCConfigurationList;
			buildConfigurations = (
				577C0FE81D9C59CE005B7B06 /* Debug */,
				577C0FE91D9C59CE005B7B06 /* Release */,
			);
			defaultConfigurationIsVisible = 0;
			defaultConfigurationName = Release;
		};
/* End XCConfigurationList section */
	};
	rootObject = 577C0FD81D9C59CD005B7B06 /* Project object */;
}
